
Microsoft Visual Studio Solution File, Format Version 12.00
# Visual Studio 15
VisualStudioVersion = 15.0.26430.16
MinimumVisualStudioVersion = 10.0.40219.1
Project("{FAE04EC0-301F-11D3-BF4B-00C04F79EFBC}") = "Fiap.PlataformaNet.Exercicio4.Classes", "src\Fiap.PlataformaNet.Exercicio4.Classes\Fiap.PlataformaNet.Exercicio4.Classes.csproj", "{AE02FA13-8253-47E3-9F35-107106859520}"
EndProject
Project("{FAE04EC0-301F-11D3-BF4B-00C04F79EFBC}") = "Fiap.PlataformaNet.Exercicio4.WindowsApp", "src\Fiap.PlataformaNet.Exercicio4.WindowsApp\Fiap.PlataformaNet.Exercicio4.WindowsApp.csproj", "{B4DE5173-CF17-4151-91C3-936B7CE779DD}"
EndProject
Global
	GlobalSection(SolutionConfigurationPlatforms) = preSolution
		Debug|Any CPU = Debug|Any CPU
		Release|Any CPU = Release|Any CPU
	EndGlobalSection
	GlobalSection(ProjectConfigurationPlatforms) = postSolution
		{AE02FA13-8253-47E3-9F35-107106859520}.Debug|Any CPU.ActiveCfg = Debug|Any CPU
		{AE02FA13-8253-47E3-9F35-107106859520}.Debug|Any CPU.Build.0 = Debug|Any CPU
		{AE02FA13-8253-47E3-9F35-107106859520}.Release|Any CPU.ActiveCfg = Release|Any CPU
		{AE02FA13-8253-47E3-9F35-107106859520}.Release|Any CPU.Build.0 = Release|Any CPU
		{B4DE5173-CF17-4151-91C3-936B7CE779DD}.Debug|Any CPU.ActiveCfg = Debug|Any CPU
		{B4DE5173-CF17-4151-91C3-936B7CE779DD}.Debug|Any CPU.Build.0 = Debug|Any CPU
		{B4DE5173-CF17-4151-91C3-936B7CE779DD}.Release|Any CPU.ActiveCfg = Release|Any CPU
		{B4DE5173-CF17-4151-91C3-936B7CE779DD}.Release|Any CPU.Build.0 = Release|Any CPU
	EndGlobalSection
	GlobalSection(SolutionProperties) = preSolution
		HideSolutionNode = FALSE
	EndGlobalSection
EndGlobal
